# This file is generated by running "yarn install" inside your project.
# Manual changes might be lost - proceed with caution!

__metadata:
  version: 6
  cacheKey: 8

"nindo-monorepo@workspace:.":
  version: 0.0.0-use.local
  resolution: "nindo-monorepo@workspace:."
  dependencies:
    prettier: ^2.5.1
    typescript: ^4.5.4
  languageName: unknown
  linkType: soft

"prettier@npm:^2.5.1":
  version: 2.6.1
  resolution: "prettier@npm:2.6.1"
  bin:
    prettier: bin-prettier.js
  checksum: 78be1f8a3ddfad7c3d8a854b6c8941a3bb1ddfca4225c38d778e0fe1029a55368f71b3bbefff82c689015fbb4d391ec44add957f01308ad2725e01a7c1f37cb6
  languageName: node
  linkType: hard

"typescript@npm:^4.5.4":
  version: 4.6.3
  resolution: "typescript@npm:4.6.3"
  bin:
    tsc: bin/tsc
    tsserver: bin/tsserver
  checksum: 255bb26c8cb846ca689dd1c3a56587af4f69055907aa2c154796ea28ee0dea871535b1c78f85a6212c77f2657843a269c3a742d09d81495b97b914bf7920415b
  languageName: node
  linkType: hard

"typescript@patch:typescript@^4.5.4#~builtin<compat/typescript>":
  version: 4.6.3
  resolution: "typescript@patch:typescript@npm%3A4.6.3#~builtin<compat/typescript>::version=4.6.3&hash=7ad353"
  bin:
    tsc: bin/tsc
    tsserver: bin/tsserver
  checksum: 6bf45caf847062420592e711bc9c28bf5f9a9a7fa8245343b81493e4ededae33f1774009d1234d911422d1646a2c839f44e1a23ecb111b40a60ac2ea4c1482a8
  languageName: node
  linkType: hard
